
Microsoft Visual Studio Solution File, Format Version 12.00
# Visual Studio Version 17
VisualStudioVersion = 17.0.31717.71
MinimumVisualStudioVersion = 10.0.40219.1
Project("{9813F52B-961F-481A-98A6-960885E51CE4}") = "MudBlazorTemplates1.Server", "Server\MudBlazorTemplates1.Server.csproj", "{DECD0F5E-F5FA-47A6-ADC6-91B1179A20D2}"
EndProject
Project("{9813F52B-961F-481A-98A6-960885E51CE4}") = "MudBlazorTemplates1.Client", "Client\MudBlazorTemplates1.Client.csproj", "{A829BB7A-B53A-4973-9E70-7DA0103E8738}"
EndProject
Project("{9813F52B-961F-481A-98A6-960885E51CE4}") = "MudBlazorTemplates1.Shared", "Shared\MudBlazorTemplates1.Shared.csproj", "{88BB2C09-87CD-4AEF-946B-E9BE128AE892}"
EndProject
Global
	GlobalSection(SolutionConfigurationPlatforms) = preSolution
		Debug|Any CPU = Debug|Any CPU
		Release|Any CPU = Release|Any CPU
	EndGlobalSection
	GlobalSection(ProjectConfigurationPlatforms) = postSolution
		{DECD0F5E-F5FA-47A6-ADC6-91B1179A20D2}.Debug|Any CPU.ActiveCfg = Debug|Any CPU
		{DECD0F5E-F5FA-47A6-ADC6-91B1179A20D2}.Debug|Any CPU.Build.0 = Debug|Any CPU
		{DECD0F5E-F5FA-47A6-ADC6-91B1179A20D2}.Release|Any CPU.ActiveCfg = Release|Any CPU
		{DECD0F5E-F5FA-47A6-ADC6-91B1179A20D2}.Release|Any CPU.Build.0 = Release|Any CPU
		{A829BB7A-B53A-4973-9E70-7DA0103E8738}.Debug|Any CPU.ActiveCfg = Debug|Any CPU
		{A829BB7A-B53A-4973-9E70-7DA0103E8738}.Debug|Any CPU.Build.0 = Debug|Any CPU
		{A829BB7A-B53A-4973-9E70-7DA0103E8738}.Release|Any CPU.ActiveCfg = Release|Any CPU
		{A829BB7A-B53A-4973-9E70-7DA0103E8738}.Release|Any CPU.Build.0 = Release|Any CPU
		{88BB2C09-87CD-4AEF-946B-E9BE128AE892}.Debug|Any CPU.ActiveCfg = Debug|Any CPU
		{88BB2C09-87CD-4AEF-946B-E9BE128AE892}.Debug|Any CPU.Build.0 = Debug|Any CPU
		{88BB2C09-87CD-4AEF-946B-E9BE128AE892}.Release|Any CPU.ActiveCfg = Release|Any CPU
		{88BB2C09-87CD-4AEF-946B-E9BE128AE892}.Release|Any CPU.Build.0 = Release|Any CPU
	EndGlobalSection
	GlobalSection(SolutionProperties) = preSolution
		HideSolutionNode = FALSE
	EndGlobalSection
	GlobalSection(ExtensibilityGlobals) = postSolution
		SolutionGuid = {02A97CD0-0ED4-4ED9-9838-02B4F4431E9E}
	EndGlobalSection
EndGlobal